
Microsoft Visual Studio Solution File, Format Version 12.00
# Visual Studio 15
VisualStudioVersion = 15.0.28307.960
MinimumVisualStudioVersion = 10.0.40219.1
Project("{9A19103F-16F7-4668-BE54-9A1E7A4F7556}") = "ImageEditorAlpha", "ImageEditorAlpha\ImageEditorAlpha.csproj", "{AE9FF9D3-7888-4138-AD01-181287151355}"
EndProject
Global
	GlobalSection(SolutionConfigurationPlatforms) = preSolution
		Debug|Any CPU = Debug|Any CPU
		Release|Any CPU = Release|Any CPU
	EndGlobalSection
	GlobalSection(ProjectConfigurationPlatforms) = postSolution
		{AE9FF9D3-7888-4138-AD01-181287151355}.Debug|Any CPU.ActiveCfg = Debug|Any CPU
		{AE9FF9D3-7888-4138-AD01-181287151355}.Debug|Any CPU.Build.0 = Debug|Any CPU
		{AE9FF9D3-7888-4138-AD01-181287151355}.Release|Any CPU.ActiveCfg = Release|Any CPU
		{AE9FF9D3-7888-4138-AD01-181287151355}.Release|Any CPU.Build.0 = Release|Any CPU
	EndGlobalSection
	GlobalSection(SolutionProperties) = preSolution
		HideSolutionNode = FALSE
	EndGlobalSection
	GlobalSection(ExtensibilityGlobals) = postSolution
		SolutionGuid = {E5901852-3F8B-4E64-8DB5-B595A301A59F}
	EndGlobalSection
EndGlobal
